
Microsoft Visual Studio Solution File, Format Version 12.00
# Visual Studio Version 16
VisualStudioVersion = 16.0.29424.173
MinimumVisualStudioVersion = 10.0.40219.1
Project("{FAE04EC0-301F-11D3-BF4B-00C04F79EFBC}") = "QuanLyQuanCaFe", "QuanLyQuanCaFe\QuanLyQuanCaFe.csproj", "{6478AA60-2772-4152-A56A-54A0BF3958B1}"
EndProject
Global
	GlobalSection(SolutionConfigurationPlatforms) = preSolution
		Debug|Any CPU = Debug|Any CPU
		Release|Any CPU = Release|Any CPU
	EndGlobalSection
	GlobalSection(ProjectConfigurationPlatforms) = postSolution
		{6478AA60-2772-4152-A56A-54A0BF3958B1}.Debug|Any CPU.ActiveCfg = Debug|Any CPU
		{6478AA60-2772-4152-A56A-54A0BF3958B1}.Debug|Any CPU.Build.0 = Debug|Any CPU
		{6478AA60-2772-4152-A56A-54A0BF3958B1}.Release|Any CPU.ActiveCfg = Release|Any CPU
		{6478AA60-2772-4152-A56A-54A0BF3958B1}.Release|Any CPU.Build.0 = Release|Any CPU
	EndGlobalSection
	GlobalSection(SolutionProperties) = preSolution
		HideSolutionNode = FALSE
	EndGlobalSection
	GlobalSection(ExtensibilityGlobals) = postSolution
		SolutionGuid = {D9C129F1-17DC-4043-9F71-FCFEB5E02838}
	EndGlobalSection
EndGlobal
